
Microsoft Visual Studio Solution File, Format Version 12.00
# Visual Studio Version 16
VisualStudioVersion = 25.0.1706.5
MinimumVisualStudioVersion = 10.0.40219.1
Project("{FAE04EC0-301F-11D3-BF4B-00C04F79EFBC}") = "SimpleLoginApp", "SimpleLoginApp\SimpleLoginApp.csproj", "{AB3E1276-6F03-41A3-8F03-334BFF4E33B0}"
EndProject
Global
	GlobalSection(SolutionConfigurationPlatforms) = preSolution
		Debug|Any CPU = Debug|Any CPU
		Release|Any CPU = Release|Any CPU
	EndGlobalSection
	GlobalSection(ProjectConfigurationPlatforms) = postSolution
		{AB3E1276-6F03-41A3-8F03-334BFF4E33B0}.Debug|Any CPU.ActiveCfg = Debug|Any CPU
		{AB3E1276-6F03-41A3-8F03-334BFF4E33B0}.Debug|Any CPU.Build.0 = Debug|Any CPU
		{AB3E1276-6F03-41A3-8F03-334BFF4E33B0}.Release|Any CPU.ActiveCfg = Release|Any CPU
		{AB3E1276-6F03-41A3-8F03-334BFF4E33B0}.Release|Any CPU.Build.0 = Release|Any CPU
	EndGlobalSection
	GlobalSection(SolutionProperties) = preSolution
		HideSolutionNode = FALSE
	EndGlobalSection
	GlobalSection(ExtensibilityGlobals) = postSolution
		SolutionGuid = {B6A851E7-50BE-41D9-814B-4A5CEA92ED4A}
	EndGlobalSection
EndGlobal
